
Microsoft Visual Studio Solution File, Format Version 12.00
# Visual Studio Version 17
VisualStudioVersion = 17.0.31903.59
MinimumVisualStudioVersion = 10.0.40219.1
Project("{2150E333-8FDC-42A3-9474-1A3956D46DE8}") = "src", "src", "{827E0CD3-B72D-47B6-A68D-7590B98EB39B}"
EndProject
Project("{2150E333-8FDC-42A3-9474-1A3956D46DE8}") = "Shared", "Shared", "{C8E42992-5E42-0C2B-DBFE-AA848D06431C}"
EndProject
Project("{FAE04EC0-301F-11D3-BF4B-00C04F79EFBC}") = "LibraryApp.Shared.Domain", "src\Shared\LibraryApp.Shared.Domain\LibraryApp.Shared.Domain.csproj", "{481B0290-7675-45D3-8B63-D3915917B09A}"
EndProject
Project("{FAE04EC0-301F-11D3-BF4B-00C04F79EFBC}") = "LibraryApp.Shared.Contracts", "src\Shared\LibraryApp.Shared.Contracts\LibraryApp.Shared.Contracts.csproj", "{A7C45592-7BB3-4A1D-88AD-C578030CC896}"
EndProject
Project("{2150E333-8FDC-42A3-9474-1A3956D46DE8}") = "Modules", "Modules", "{EC447DCF-ABFA-6E24-52A5-D7FD48A5C558}"
EndProject
Project("{2150E333-8FDC-42A3-9474-1A3956D46DE8}") = "Catalog", "Catalog", "{1E1EF545-4C18-AEE2-B997-7EF431518D3F}"
EndProject
Project("{FAE04EC0-301F-11D3-BF4B-00C04F79EFBC}") = "LibraryApp.Catalog.Domain", "src\Modules\Catalog\LibraryApp.Catalog.Domain\LibraryApp.Catalog.Domain.csproj", "{77D05749-C6A5-4EC6-B6E9-29BA20B41571}"
EndProject
Project("{FAE04EC0-301F-11D3-BF4B-00C04F79EFBC}") = "LibraryApp.Catalog.Application", "src\Modules\Catalog\LibraryApp.Catalog.Application\LibraryApp.Catalog.Application.csproj", "{3B97B5B1-E6DB-495D-9998-73DB7BAF4BAD}"
EndProject
Project("{FAE04EC0-301F-11D3-BF4B-00C04F79EFBC}") = "LibraryApp.Catalog.Infrastructure", "src\Modules\Catalog\LibraryApp.Catalog.Infrastructure\LibraryApp.Catalog.Infrastructure.csproj", "{F0C291A8-F2C1-4201-AC68-2D8BAE053A62}"
EndProject
Project("{FAE04EC0-301F-11D3-BF4B-00C04F79EFBC}") = "LibraryApp.Catalog.Contracts", "src\Modules\Catalog\LibraryApp.Catalog.Contracts\LibraryApp.Catalog.Contracts.csproj", "{BD37ADE1-014F-4230-9D92-DAD6E6E22BDF}"
EndProject
Global
	GlobalSection(SolutionConfigurationPlatforms) = preSolution
		Debug|Any CPU = Debug|Any CPU
		Debug|x64 = Debug|x64
		Debug|x86 = Debug|x86
		Release|Any CPU = Release|Any CPU
		Release|x64 = Release|x64
		Release|x86 = Release|x86
	EndGlobalSection
	GlobalSection(ProjectConfigurationPlatforms) = postSolution
		{481B0290-7675-45D3-8B63-D3915917B09A}.Debug|Any CPU.ActiveCfg = Debug|Any CPU
		{481B0290-7675-45D3-8B63-D3915917B09A}.Debug|Any CPU.Build.0 = Debug|Any CPU
		{481B0290-7675-45D3-8B63-D3915917B09A}.Debug|x64.ActiveCfg = Debug|Any CPU
		{481B0290-7675-45D3-8B63-D3915917B09A}.Debug|x64.Build.0 = Debug|Any CPU
		{481B0290-7675-45D3-8B63-D3915917B09A}.Debug|x86.ActiveCfg = Debug|Any CPU
		{481B0290-7675-45D3-8B63-D3915917B09A}.Debug|x86.Build.0 = Debug|Any CPU
		{481B0290-7675-45D3-8B63-D3915917B09A}.Release|Any CPU.ActiveCfg = Release|Any CPU
		{481B0290-7675-45D3-8B63-D3915917B09A}.Release|Any CPU.Build.0 = Release|Any CPU
		{481B0290-7675-45D3-8B63-D3915917B09A}.Release|x64.ActiveCfg = Release|Any CPU
		{481B0290-7675-45D3-8B63-D3915917B09A}.Release|x64.Build.0 = Release|Any CPU
		{481B0290-7675-45D3-8B63-D3915917B09A}.Release|x86.ActiveCfg = Release|Any CPU
		{481B0290-7675-45D3-8B63-D3915917B09A}.Release|x86.Build.0 = Release|Any CPU
		{A7C45592-7BB3-4A1D-88AD-C578030CC896}.Debug|Any CPU.ActiveCfg = Debug|Any CPU
		{A7C45592-7BB3-4A1D-88AD-C578030CC896}.Debug|Any CPU.Build.0 = Debug|Any CPU
		{A7C45592-7BB3-4A1D-88AD-C578030CC896}.Debug|x64.ActiveCfg = Debug|Any CPU
		{A7C45592-7BB3-4A1D-88AD-C578030CC896}.Debug|x64.Build.0 = Debug|Any CPU
		{A7C45592-7BB3-4A1D-88AD-C578030CC896}.Debug|x86.ActiveCfg = Debug|Any CPU
		{A7C45592-7BB3-4A1D-88AD-C578030CC896}.Debug|x86.Build.0 = Debug|Any CPU
		{A7C45592-7BB3-4A1D-88AD-C578030CC896}.Release|Any CPU.ActiveCfg = Release|Any CPU
		{A7C45592-7BB3-4A1D-88AD-C578030CC896}.Release|Any CPU.Build.0 = Release|Any CPU
		{A7C45592-7BB3-4A1D-88AD-C578030CC896}.Release|x64.ActiveCfg = Release|Any CPU
		{A7C45592-7BB3-4A1D-88AD-C578030CC896}.Release|x64.Build.0 = Release|Any CPU
		{A7C45592-7BB3-4A1D-88AD-C578030CC896}.Release|x86.ActiveCfg = Release|Any CPU
		{A7C45592-7BB3-4A1D-88AD-C578030CC896}.Release|x86.Build.0 = Release|Any CPU
		{77D05749-C6A5-4EC6-B6E9-29BA20B41571}.Debug|Any CPU.ActiveCfg = Debug|Any CPU
		{77D05749-C6A5-4EC6-B6E9-29BA20B41571}.Debug|Any CPU.Build.0 = Debug|Any CPU
		{77D05749-C6A5-4EC6-B6E9-29BA20B41571}.Debug|x64.ActiveCfg = Debug|Any CPU
		{77D05749-C6A5-4EC6-B6E9-29BA20B41571}.Debug|x64.Build.0 = Debug|Any CPU
		{77D05749-C6A5-4EC6-B6E9-29BA20B41571}.Debug|x86.ActiveCfg = Debug|Any CPU
		{77D05749-C6A5-4EC6-B6E9-29BA20B41571}.Debug|x86.Build.0 = Debug|Any CPU
		{77D05749-C6A5-4EC6-B6E9-29BA20B41571}.Release|Any CPU.ActiveCfg = Release|Any CPU
		{77D05749-C6A5-4EC6-B6E9-29BA20B41571}.Release|Any CPU.Build.0 = Release|Any CPU
		{77D05749-C6A5-4EC6-B6E9-29BA20B41571}.Release|x64.ActiveCfg = Release|Any CPU
		{77D05749-C6A5-4EC6-B6E9-29BA20B41571}.Release|x64.Build.0 = Release|Any CPU
		{77D05749-C6A5-4EC6-B6E9-29BA20B41571}.Release|x86.ActiveCfg = Release|Any CPU
		{77D05749-C6A5-4EC6-B6E9-29BA20B41571}.Release|x86.Build.0 = Release|Any CPU
		{3B97B5B1-E6DB-495D-9998-73DB7BAF4BAD}.Debug|Any CPU.ActiveCfg = Debug|Any CPU
		{3B97B5B1-E6DB-495D-9998-73DB7BAF4BAD}.Debug|Any CPU.Build.0 = Debug|Any CPU
		{3B97B5B1-E6DB-495D-9998-73DB7BAF4BAD}.Debug|x64.ActiveCfg = Debug|Any CPU
		{3B97B5B1-E6DB-495D-9998-73DB7BAF4BAD}.Debug|x64.Build.0 = Debug|Any CPU
		{3B97B5B1-E6DB-495D-9998-73DB7BAF4BAD}.Debug|x86.ActiveCfg = Debug|Any CPU
		{3B97B5B1-E6DB-495D-9998-73DB7BAF4BAD}.Debug|x86.Build.0 = Debug|Any CPU
		{3B97B5B1-E6DB-495D-9998-73DB7BAF4BAD}.Release|Any CPU.ActiveCfg = Release|Any CPU
		{3B97B5B1-E6DB-495D-9998-73DB7BAF4BAD}.Release|Any CPU.Build.0 = Release|Any CPU
		{3B97B5B1-E6DB-495D-9998-73DB7BAF4BAD}.Release|x64.ActiveCfg = Release|Any CPU
		{3B97B5B1-E6DB-495D-9998-73DB7BAF4BAD}.Release|x64.Build.0 = Release|Any CPU
		{3B97B5B1-E6DB-495D-9998-73DB7BAF4BAD}.Release|x86.ActiveCfg = Release|Any CPU
		{3B97B5B1-E6DB-495D-9998-73DB7BAF4BAD}.Release|x86.Build.0 = Release|Any CPU
		{F0C291A8-F2C1-4201-AC68-2D8BAE053A62}.Debug|Any CPU.ActiveCfg = Debug|Any CPU
		{F0C291A8-F2C1-4201-AC68-2D8BAE053A62}.Debug|Any CPU.Build.0 = Debug|Any CPU
		{F0C291A8-F2C1-4201-AC68-2D8BAE053A62}.Debug|x64.ActiveCfg = Debug|Any CPU
		{F0C291A8-F2C1-4201-AC68-2D8BAE053A62}.Debug|x64.Build.0 = Debug|Any CPU
		{F0C291A8-F2C1-4201-AC68-2D8BAE053A62}.Debug|x86.ActiveCfg = Debug|Any CPU
		{F0C291A8-F2C1-4201-AC68-2D8BAE053A62}.Debug|x86.Build.0 = Debug|Any CPU
		{F0C291A8-F2C1-4201-AC68-2D8BAE053A62}.Release|Any CPU.ActiveCfg = Release|Any CPU
		{F0C291A8-F2C1-4201-AC68-2D8BAE053A62}.Release|Any CPU.Build.0 = Release|Any CPU
		{F0C291A8-F2C1-4201-AC68-2D8BAE053A62}.Release|x64.ActiveCfg = Release|Any CPU
		{F0C291A8-F2C1-4201-AC68-2D8BAE053A62}.Release|x64.Build.0 = Release|Any CPU
		{F0C291A8-F2C1-4201-AC68-2D8BAE053A62}.Release|x86.ActiveCfg = Release|Any CPU
		{F0C291A8-F2C1-4201-AC68-2D8BAE053A62}.Release|x86.Build.0 = Release|Any CPU
		{BD37ADE1-014F-4230-9D92-DAD6E6E22BDF}.Debug|Any CPU.ActiveCfg = Debug|Any CPU
		{BD37ADE1-014F-4230-9D92-DAD6E6E22BDF}.Debug|Any CPU.Build.0 = Debug|Any CPU
		{BD37ADE1-014F-4230-9D92-DAD6E6E22BDF}.Debug|x64.ActiveCfg = Debug|Any CPU
		{BD37ADE1-014F-4230-9D92-DAD6E6E22BDF}.Debug|x64.Build.0 = Debug|Any CPU
		{BD37ADE1-014F-4230-9D92-DAD6E6E22BDF}.Debug|x86.ActiveCfg = Debug|Any CPU
		{BD37ADE1-014F-4230-9D92-DAD6E6E22BDF}.Debug|x86.Build.0 = Debug|Any CPU
		{BD37ADE1-014F-4230-9D92-DAD6E6E22BDF}.Release|Any CPU.ActiveCfg = Release|Any CPU
		{BD37ADE1-014F-4230-9D92-DAD6E6E22BDF}.Release|Any CPU.Build.0 = Release|Any CPU
		{BD37ADE1-014F-4230-9D92-DAD6E6E22BDF}.Release|x64.ActiveCfg = Release|Any CPU
		{BD37ADE1-014F-4230-9D92-DAD6E6E22BDF}.Release|x64.Build.0 = Release|Any CPU
		{BD37ADE1-014F-4230-9D92-DAD6E6E22BDF}.Release|x86.ActiveCfg = Release|Any CPU
		{BD37ADE1-014F-4230-9D92-DAD6E6E22BDF}.Release|x86.Build.0 = Release|Any CPU
	EndGlobalSection
	GlobalSection(SolutionProperties) = preSolution
		HideSolutionNode = FALSE
	EndGlobalSection
	GlobalSection(NestedProjects) = preSolution
		{C8E42992-5E42-0C2B-DBFE-AA848D06431C} = {827E0CD3-B72D-47B6-A68D-7590B98EB39B}
		{481B0290-7675-45D3-8B63-D3915917B09A} = {C8E42992-5E42-0C2B-DBFE-AA848D06431C}
		{A7C45592-7BB3-4A1D-88AD-C578030CC896} = {C8E42992-5E42-0C2B-DBFE-AA848D06431C}
		{EC447DCF-ABFA-6E24-52A5-D7FD48A5C558} = {827E0CD3-B72D-47B6-A68D-7590B98EB39B}
		{1E1EF545-4C18-AEE2-B997-7EF431518D3F} = {EC447DCF-ABFA-6E24-52A5-D7FD48A5C558}
		{77D05749-C6A5-4EC6-B6E9-29BA20B41571} = {1E1EF545-4C18-AEE2-B997-7EF431518D3F}
		{3B97B5B1-E6DB-495D-9998-73DB7BAF4BAD} = {1E1EF545-4C18-AEE2-B997-7EF431518D3F}
		{F0C291A8-F2C1-4201-AC68-2D8BAE053A62} = {1E1EF545-4C18-AEE2-B997-7EF431518D3F}
		{BD37ADE1-014F-4230-9D92-DAD6E6E22BDF} = {1E1EF545-4C18-AEE2-B997-7EF431518D3F}
	EndGlobalSection
EndGlobal
