
Microsoft Visual Studio Solution File, Format Version 12.00
# Visual Studio Version 17
VisualStudioVersion = 17.0.31903.59
MinimumVisualStudioVersion = 10.0.40219.1
Project("{2150E333-8FDC-42A3-9474-1A3956D46DE8}") = "src", "src", "{827E0CD3-B72D-47B6-A68D-7590B98EB39B}"
EndProject
Project("{2150E333-8FDC-42A3-9474-1A3956D46DE8}") = "Shared", "Shared", "{C8E42992-5E42-0C2B-DBFE-AA848D06431C}"
EndProject
Project("{FAE04EC0-301F-11D3-BF4B-00C04F79EFBC}") = "LibraryApp.Shared.Domain", "src\Shared\LibraryApp.Shared.Domain\LibraryApp.Shared.Domain.csproj", "{481B0290-7675-45D3-8B63-D3915917B09A}"
EndProject
Project("{FAE04EC0-301F-11D3-BF4B-00C04F79EFBC}") = "LibraryApp.Shared.Contracts", "src\Shared\LibraryApp.Shared.Contracts\LibraryApp.Shared.Contracts.csproj", "{A7C45592-7BB3-4A1D-88AD-C578030CC896}"
EndProject
Project("{2150E333-8FDC-42A3-9474-1A3956D46DE8}") = "Modules", "Modules", "{EC447DCF-ABFA-6E24-52A5-D7FD48A5C558}"
EndProject
Project("{2150E333-8FDC-42A3-9474-1A3956D46DE8}") = "Catalog", "Catalog", "{1E1EF545-4C18-AEE2-B997-7EF431518D3F}"
EndProject
Project("{FAE04EC0-301F-11D3-BF4B-00C04F79EFBC}") = "LibraryApp.Catalog.Domain", "src\Modules\Catalog\LibraryApp.Catalog.Domain\LibraryApp.Catalog.Domain.csproj", "{77D05749-C6A5-4EC6-B6E9-29BA20B41571}"
EndProject
Project("{FAE04EC0-301F-11D3-BF4B-00C04F79EFBC}") = "LibraryApp.Catalog.Application", "src\Modules\Catalog\LibraryApp.Catalog.Application\LibraryApp.Catalog.Application.csproj", "{3B97B5B1-E6DB-495D-9998-73DB7BAF4BAD}"
EndProject
Project("{FAE04EC0-301F-11D3-BF4B-00C04F79EFBC}") = "LibraryApp.Catalog.Infrastructure", "src\Modules\Catalog\LibraryApp.Catalog.Infrastructure\LibraryApp.Catalog.Infrastructure.csproj", "{F0C291A8-F2C1-4201-AC68-2D8BAE053A62}"
EndProject
Project("{FAE04EC0-301F-11D3-BF4B-00C04F79EFBC}") = "LibraryApp.Catalog.Contracts", "src\Modules\Catalog\LibraryApp.Catalog.Contracts\LibraryApp.Catalog.Contracts.csproj", "{BD37ADE1-014F-4230-9D92-DAD6E6E22BDF}"
EndProject
Project("{2150E333-8FDC-42A3-9474-1A3956D46DE8}") = "API", "API", "{81034408-37C8-1011-444E-4C15C2FADA8E}"
EndProject
Project("{FAE04EC0-301F-11D3-BF4B-00C04F79EFBC}") = "LibraryApp.API", "src\API\LibraryApp.API\LibraryApp.API.csproj", "{29D90F40-A489-4771-8E73-1D704D817DB5}"
EndProject
Project("{2150E333-8FDC-42A3-9474-1A3956D46DE8}") = "Members", "Members", "{AC5FB52F-4048-1956-CB32-459085580A89}"
EndProject
Project("{FAE04EC0-301F-11D3-BF4B-00C04F79EFBC}") = "LibraryApp.Members.Domain", "src\Modules\Members\LibraryApp.Members.Domain\LibraryApp.Members.Domain.csproj", "{FAA69AF4-1824-4F7F-A8F7-02F613B9B380}"
EndProject
Project("{FAE04EC0-301F-11D3-BF4B-00C04F79EFBC}") = "LibraryApp.Members.Application", "src\Modules\Members\LibraryApp.Members.Application\LibraryApp.Members.Application.csproj", "{34E1EBF8-F7DE-44DD-B4B0-743937B794F6}"
EndProject
Project("{FAE04EC0-301F-11D3-BF4B-00C04F79EFBC}") = "LibraryApp.Members.Infrastructure", "src\Modules\Members\LibraryApp.Members.Infrastructure\LibraryApp.Members.Infrastructure.csproj", "{547678E2-37D6-4D8F-8E5B-359D5EF74E49}"
EndProject
Project("{FAE04EC0-301F-11D3-BF4B-00C04F79EFBC}") = "LibraryApp.Members.Contracts", "src\Modules\Members\LibraryApp.Members.Contracts\LibraryApp.Members.Contracts.csproj", "{BF315BCC-81E4-4539-8421-FA5A7B1EB099}"
EndProject
Project("{2150E333-8FDC-42A3-9474-1A3956D46DE8}") = "Borrowing", "Borrowing", "{B7B99EEE-6C1F-7CA5-EFDC-77671321BE5F}"
EndProject
Project("{FAE04EC0-301F-11D3-BF4B-00C04F79EFBC}") = "LibraryApp.Borrowing.Domain", "src\Modules\Borrowing\LibraryApp.Borrowing.Domain\LibraryApp.Borrowing.Domain.csproj", "{0E23FE5F-F7C8-47BE-8662-2AEB465FA8DF}"
EndProject
Project("{FAE04EC0-301F-11D3-BF4B-00C04F79EFBC}") = "LibraryApp.Borrowing.Application", "src\Modules\Borrowing\LibraryApp.Borrowing.Application\LibraryApp.Borrowing.Application.csproj", "{F014C3B1-AF18-42F9-B51F-548C1FA455C6}"
EndProject
Project("{FAE04EC0-301F-11D3-BF4B-00C04F79EFBC}") = "LibraryApp.Borrowing.Infrastructure", "src\Modules\Borrowing\LibraryApp.Borrowing.Infrastructure\LibraryApp.Borrowing.Infrastructure.csproj", "{E136F706-286C-4C38-BED6-D08D8097FF6B}"
EndProject
Project("{FAE04EC0-301F-11D3-BF4B-00C04F79EFBC}") = "LibraryApp.Borrowing.Contracts", "src\Modules\Borrowing\LibraryApp.Borrowing.Contracts\LibraryApp.Borrowing.Contracts.csproj", "{7DA59085-C7EC-4F87-B972-7CE13A497C4D}"
EndProject
Global
	GlobalSection(SolutionConfigurationPlatforms) = preSolution
		Debug|Any CPU = Debug|Any CPU
		Debug|x64 = Debug|x64
		Debug|x86 = Debug|x86
		Release|Any CPU = Release|Any CPU
		Release|x64 = Release|x64
		Release|x86 = Release|x86
	EndGlobalSection
	GlobalSection(ProjectConfigurationPlatforms) = postSolution
		{481B0290-7675-45D3-8B63-D3915917B09A}.Debug|Any CPU.ActiveCfg = Debug|Any CPU
		{481B0290-7675-45D3-8B63-D3915917B09A}.Debug|Any CPU.Build.0 = Debug|Any CPU
		{481B0290-7675-45D3-8B63-D3915917B09A}.Debug|x64.ActiveCfg = Debug|Any CPU
		{481B0290-7675-45D3-8B63-D3915917B09A}.Debug|x64.Build.0 = Debug|Any CPU
		{481B0290-7675-45D3-8B63-D3915917B09A}.Debug|x86.ActiveCfg = Debug|Any CPU
		{481B0290-7675-45D3-8B63-D3915917B09A}.Debug|x86.Build.0 = Debug|Any CPU
		{481B0290-7675-45D3-8B63-D3915917B09A}.Release|Any CPU.ActiveCfg = Release|Any CPU
		{481B0290-7675-45D3-8B63-D3915917B09A}.Release|Any CPU.Build.0 = Release|Any CPU
		{481B0290-7675-45D3-8B63-D3915917B09A}.Release|x64.ActiveCfg = Release|Any CPU
		{481B0290-7675-45D3-8B63-D3915917B09A}.Release|x64.Build.0 = Release|Any CPU
		{481B0290-7675-45D3-8B63-D3915917B09A}.Release|x86.ActiveCfg = Release|Any CPU
		{481B0290-7675-45D3-8B63-D3915917B09A}.Release|x86.Build.0 = Release|Any CPU
		{A7C45592-7BB3-4A1D-88AD-C578030CC896}.Debug|Any CPU.ActiveCfg = Debug|Any CPU
		{A7C45592-7BB3-4A1D-88AD-C578030CC896}.Debug|Any CPU.Build.0 = Debug|Any CPU
		{A7C45592-7BB3-4A1D-88AD-C578030CC896}.Debug|x64.ActiveCfg = Debug|Any CPU
		{A7C45592-7BB3-4A1D-88AD-C578030CC896}.Debug|x64.Build.0 = Debug|Any CPU
		{A7C45592-7BB3-4A1D-88AD-C578030CC896}.Debug|x86.ActiveCfg = Debug|Any CPU
		{A7C45592-7BB3-4A1D-88AD-C578030CC896}.Debug|x86.Build.0 = Debug|Any CPU
		{A7C45592-7BB3-4A1D-88AD-C578030CC896}.Release|Any CPU.ActiveCfg = Release|Any CPU
		{A7C45592-7BB3-4A1D-88AD-C578030CC896}.Release|Any CPU.Build.0 = Release|Any CPU
		{A7C45592-7BB3-4A1D-88AD-C578030CC896}.Release|x64.ActiveCfg = Release|Any CPU
		{A7C45592-7BB3-4A1D-88AD-C578030CC896}.Release|x64.Build.0 = Release|Any CPU
		{A7C45592-7BB3-4A1D-88AD-C578030CC896}.Release|x86.ActiveCfg = Release|Any CPU
		{A7C45592-7BB3-4A1D-88AD-C578030CC896}.Release|x86.Build.0 = Release|Any CPU
		{77D05749-C6A5-4EC6-B6E9-29BA20B41571}.Debug|Any CPU.ActiveCfg = Debug|Any CPU
		{77D05749-C6A5-4EC6-B6E9-29BA20B41571}.Debug|Any CPU.Build.0 = Debug|Any CPU
		{77D05749-C6A5-4EC6-B6E9-29BA20B41571}.Debug|x64.ActiveCfg = Debug|Any CPU
		{77D05749-C6A5-4EC6-B6E9-29BA20B41571}.Debug|x64.Build.0 = Debug|Any CPU
		{77D05749-C6A5-4EC6-B6E9-29BA20B41571}.Debug|x86.ActiveCfg = Debug|Any CPU
		{77D05749-C6A5-4EC6-B6E9-29BA20B41571}.Debug|x86.Build.0 = Debug|Any CPU
		{77D05749-C6A5-4EC6-B6E9-29BA20B41571}.Release|Any CPU.ActiveCfg = Release|Any CPU
		{77D05749-C6A5-4EC6-B6E9-29BA20B41571}.Release|Any CPU.Build.0 = Release|Any CPU
		{77D05749-C6A5-4EC6-B6E9-29BA20B41571}.Release|x64.ActiveCfg = Release|Any CPU
		{77D05749-C6A5-4EC6-B6E9-29BA20B41571}.Release|x64.Build.0 = Release|Any CPU
		{77D05749-C6A5-4EC6-B6E9-29BA20B41571}.Release|x86.ActiveCfg = Release|Any CPU
		{77D05749-C6A5-4EC6-B6E9-29BA20B41571}.Release|x86.Build.0 = Release|Any CPU
		{3B97B5B1-E6DB-495D-9998-73DB7BAF4BAD}.Debug|Any CPU.ActiveCfg = Debug|Any CPU
		{3B97B5B1-E6DB-495D-9998-73DB7BAF4BAD}.Debug|Any CPU.Build.0 = Debug|Any CPU
		{3B97B5B1-E6DB-495D-9998-73DB7BAF4BAD}.Debug|x64.ActiveCfg = Debug|Any CPU
		{3B97B5B1-E6DB-495D-9998-73DB7BAF4BAD}.Debug|x64.Build.0 = Debug|Any CPU
		{3B97B5B1-E6DB-495D-9998-73DB7BAF4BAD}.Debug|x86.ActiveCfg = Debug|Any CPU
		{3B97B5B1-E6DB-495D-9998-73DB7BAF4BAD}.Debug|x86.Build.0 = Debug|Any CPU
		{3B97B5B1-E6DB-495D-9998-73DB7BAF4BAD}.Release|Any CPU.ActiveCfg = Release|Any CPU
		{3B97B5B1-E6DB-495D-9998-73DB7BAF4BAD}.Release|Any CPU.Build.0 = Release|Any CPU
		{3B97B5B1-E6DB-495D-9998-73DB7BAF4BAD}.Release|x64.ActiveCfg = Release|Any CPU
		{3B97B5B1-E6DB-495D-9998-73DB7BAF4BAD}.Release|x64.Build.0 = Release|Any CPU
		{3B97B5B1-E6DB-495D-9998-73DB7BAF4BAD}.Release|x86.ActiveCfg = Release|Any CPU
		{3B97B5B1-E6DB-495D-9998-73DB7BAF4BAD}.Release|x86.Build.0 = Release|Any CPU
		{F0C291A8-F2C1-4201-AC68-2D8BAE053A62}.Debug|Any CPU.ActiveCfg = Debug|Any CPU
		{F0C291A8-F2C1-4201-AC68-2D8BAE053A62}.Debug|Any CPU.Build.0 = Debug|Any CPU
		{F0C291A8-F2C1-4201-AC68-2D8BAE053A62}.Debug|x64.ActiveCfg = Debug|Any CPU
		{F0C291A8-F2C1-4201-AC68-2D8BAE053A62}.Debug|x64.Build.0 = Debug|Any CPU
		{F0C291A8-F2C1-4201-AC68-2D8BAE053A62}.Debug|x86.ActiveCfg = Debug|Any CPU
		{F0C291A8-F2C1-4201-AC68-2D8BAE053A62}.Debug|x86.Build.0 = Debug|Any CPU
		{F0C291A8-F2C1-4201-AC68-2D8BAE053A62}.Release|Any CPU.ActiveCfg = Release|Any CPU
		{F0C291A8-F2C1-4201-AC68-2D8BAE053A62}.Release|Any CPU.Build.0 = Release|Any CPU
		{F0C291A8-F2C1-4201-AC68-2D8BAE053A62}.Release|x64.ActiveCfg = Release|Any CPU
		{F0C291A8-F2C1-4201-AC68-2D8BAE053A62}.Release|x64.Build.0 = Release|Any CPU
		{F0C291A8-F2C1-4201-AC68-2D8BAE053A62}.Release|x86.ActiveCfg = Release|Any CPU
		{F0C291A8-F2C1-4201-AC68-2D8BAE053A62}.Release|x86.Build.0 = Release|Any CPU
		{BD37ADE1-014F-4230-9D92-DAD6E6E22BDF}.Debug|Any CPU.ActiveCfg = Debug|Any CPU
		{BD37ADE1-014F-4230-9D92-DAD6E6E22BDF}.Debug|Any CPU.Build.0 = Debug|Any CPU
		{BD37ADE1-014F-4230-9D92-DAD6E6E22BDF}.Debug|x64.ActiveCfg = Debug|Any CPU
		{BD37ADE1-014F-4230-9D92-DAD6E6E22BDF}.Debug|x64.Build.0 = Debug|Any CPU
		{BD37ADE1-014F-4230-9D92-DAD6E6E22BDF}.Debug|x86.ActiveCfg = Debug|Any CPU
		{BD37ADE1-014F-4230-9D92-DAD6E6E22BDF}.Debug|x86.Build.0 = Debug|Any CPU
		{BD37ADE1-014F-4230-9D92-DAD6E6E22BDF}.Release|Any CPU.ActiveCfg = Release|Any CPU
		{BD37ADE1-014F-4230-9D92-DAD6E6E22BDF}.Release|Any CPU.Build.0 = Release|Any CPU
		{BD37ADE1-014F-4230-9D92-DAD6E6E22BDF}.Release|x64.ActiveCfg = Release|Any CPU
		{BD37ADE1-014F-4230-9D92-DAD6E6E22BDF}.Release|x64.Build.0 = Release|Any CPU
		{BD37ADE1-014F-4230-9D92-DAD6E6E22BDF}.Release|x86.ActiveCfg = Release|Any CPU
		{BD37ADE1-014F-4230-9D92-DAD6E6E22BDF}.Release|x86.Build.0 = Release|Any CPU
		{29D90F40-A489-4771-8E73-1D704D817DB5}.Debug|Any CPU.ActiveCfg = Debug|Any CPU
		{29D90F40-A489-4771-8E73-1D704D817DB5}.Debug|Any CPU.Build.0 = Debug|Any CPU
		{29D90F40-A489-4771-8E73-1D704D817DB5}.Debug|x64.ActiveCfg = Debug|Any CPU
		{29D90F40-A489-4771-8E73-1D704D817DB5}.Debug|x64.Build.0 = Debug|Any CPU
		{29D90F40-A489-4771-8E73-1D704D817DB5}.Debug|x86.ActiveCfg = Debug|Any CPU
		{29D90F40-A489-4771-8E73-1D704D817DB5}.Debug|x86.Build.0 = Debug|Any CPU
		{29D90F40-A489-4771-8E73-1D704D817DB5}.Release|Any CPU.ActiveCfg = Release|Any CPU
		{29D90F40-A489-4771-8E73-1D704D817DB5}.Release|Any CPU.Build.0 = Release|Any CPU
		{29D90F40-A489-4771-8E73-1D704D817DB5}.Release|x64.ActiveCfg = Release|Any CPU
		{29D90F40-A489-4771-8E73-1D704D817DB5}.Release|x64.Build.0 = Release|Any CPU
		{29D90F40-A489-4771-8E73-1D704D817DB5}.Release|x86.ActiveCfg = Release|Any CPU
		{29D90F40-A489-4771-8E73-1D704D817DB5}.Release|x86.Build.0 = Release|Any CPU
		{FAA69AF4-1824-4F7F-A8F7-02F613B9B380}.Debug|Any CPU.ActiveCfg = Debug|Any CPU
		{FAA69AF4-1824-4F7F-A8F7-02F613B9B380}.Debug|Any CPU.Build.0 = Debug|Any CPU
		{FAA69AF4-1824-4F7F-A8F7-02F613B9B380}.Debug|x64.ActiveCfg = Debug|Any CPU
		{FAA69AF4-1824-4F7F-A8F7-02F613B9B380}.Debug|x64.Build.0 = Debug|Any CPU
		{FAA69AF4-1824-4F7F-A8F7-02F613B9B380}.Debug|x86.ActiveCfg = Debug|Any CPU
		{FAA69AF4-1824-4F7F-A8F7-02F613B9B380}.Debug|x86.Build.0 = Debug|Any CPU
		{FAA69AF4-1824-4F7F-A8F7-02F613B9B380}.Release|Any CPU.ActiveCfg = Release|Any CPU
		{FAA69AF4-1824-4F7F-A8F7-02F613B9B380}.Release|Any CPU.Build.0 = Release|Any CPU
		{FAA69AF4-1824-4F7F-A8F7-02F613B9B380}.Release|x64.ActiveCfg = Release|Any CPU
		{FAA69AF4-1824-4F7F-A8F7-02F613B9B380}.Release|x64.Build.0 = Release|Any CPU
		{FAA69AF4-1824-4F7F-A8F7-02F613B9B380}.Release|x86.ActiveCfg = Release|Any CPU
		{FAA69AF4-1824-4F7F-A8F7-02F613B9B380}.Release|x86.Build.0 = Release|Any CPU
		{34E1EBF8-F7DE-44DD-B4B0-743937B794F6}.Debug|Any CPU.ActiveCfg = Debug|Any CPU
		{34E1EBF8-F7DE-44DD-B4B0-743937B794F6}.Debug|Any CPU.Build.0 = Debug|Any CPU
		{34E1EBF8-F7DE-44DD-B4B0-743937B794F6}.Debug|x64.ActiveCfg = Debug|Any CPU
		{34E1EBF8-F7DE-44DD-B4B0-743937B794F6}.Debug|x64.Build.0 = Debug|Any CPU
		{34E1EBF8-F7DE-44DD-B4B0-743937B794F6}.Debug|x86.ActiveCfg = Debug|Any CPU
		{34E1EBF8-F7DE-44DD-B4B0-743937B794F6}.Debug|x86.Build.0 = Debug|Any CPU
		{34E1EBF8-F7DE-44DD-B4B0-743937B794F6}.Release|Any CPU.ActiveCfg = Release|Any CPU
		{34E1EBF8-F7DE-44DD-B4B0-743937B794F6}.Release|Any CPU.Build.0 = Release|Any CPU
		{34E1EBF8-F7DE-44DD-B4B0-743937B794F6}.Release|x64.ActiveCfg = Release|Any CPU
		{34E1EBF8-F7DE-44DD-B4B0-743937B794F6}.Release|x64.Build.0 = Release|Any CPU
		{34E1EBF8-F7DE-44DD-B4B0-743937B794F6}.Release|x86.ActiveCfg = Release|Any CPU
		{34E1EBF8-F7DE-44DD-B4B0-743937B794F6}.Release|x86.Build.0 = Release|Any CPU
		{547678E2-37D6-4D8F-8E5B-359D5EF74E49}.Debug|Any CPU.ActiveCfg = Debug|Any CPU
		{547678E2-37D6-4D8F-8E5B-359D5EF74E49}.Debug|Any CPU.Build.0 = Debug|Any CPU
		{547678E2-37D6-4D8F-8E5B-359D5EF74E49}.Debug|x64.ActiveCfg = Debug|Any CPU
		{547678E2-37D6-4D8F-8E5B-359D5EF74E49}.Debug|x64.Build.0 = Debug|Any CPU
		{547678E2-37D6-4D8F-8E5B-359D5EF74E49}.Debug|x86.ActiveCfg = Debug|Any CPU
		{547678E2-37D6-4D8F-8E5B-359D5EF74E49}.Debug|x86.Build.0 = Debug|Any CPU
		{547678E2-37D6-4D8F-8E5B-359D5EF74E49}.Release|Any CPU.ActiveCfg = Release|Any CPU
		{547678E2-37D6-4D8F-8E5B-359D5EF74E49}.Release|Any CPU.Build.0 = Release|Any CPU
		{547678E2-37D6-4D8F-8E5B-359D5EF74E49}.Release|x64.ActiveCfg = Release|Any CPU
		{547678E2-37D6-4D8F-8E5B-359D5EF74E49}.Release|x64.Build.0 = Release|Any CPU
		{547678E2-37D6-4D8F-8E5B-359D5EF74E49}.Release|x86.ActiveCfg = Release|Any CPU
		{547678E2-37D6-4D8F-8E5B-359D5EF74E49}.Release|x86.Build.0 = Release|Any CPU
		{BF315BCC-81E4-4539-8421-FA5A7B1EB099}.Debug|Any CPU.ActiveCfg = Debug|Any CPU
		{BF315BCC-81E4-4539-8421-FA5A7B1EB099}.Debug|Any CPU.Build.0 = Debug|Any CPU
		{BF315BCC-81E4-4539-8421-FA5A7B1EB099}.Debug|x64.ActiveCfg = Debug|Any CPU
		{BF315BCC-81E4-4539-8421-FA5A7B1EB099}.Debug|x64.Build.0 = Debug|Any CPU
		{BF315BCC-81E4-4539-8421-FA5A7B1EB099}.Debug|x86.ActiveCfg = Debug|Any CPU
		{BF315BCC-81E4-4539-8421-FA5A7B1EB099}.Debug|x86.Build.0 = Debug|Any CPU
		{BF315BCC-81E4-4539-8421-FA5A7B1EB099}.Release|Any CPU.ActiveCfg = Release|Any CPU
		{BF315BCC-81E4-4539-8421-FA5A7B1EB099}.Release|Any CPU.Build.0 = Release|Any CPU
		{BF315BCC-81E4-4539-8421-FA5A7B1EB099}.Release|x64.ActiveCfg = Release|Any CPU
		{BF315BCC-81E4-4539-8421-FA5A7B1EB099}.Release|x64.Build.0 = Release|Any CPU
		{BF315BCC-81E4-4539-8421-FA5A7B1EB099}.Release|x86.ActiveCfg = Release|Any CPU
		{BF315BCC-81E4-4539-8421-FA5A7B1EB099}.Release|x86.Build.0 = Release|Any CPU
		{0E23FE5F-F7C8-47BE-8662-2AEB465FA8DF}.Debug|Any CPU.ActiveCfg = Debug|Any CPU
		{0E23FE5F-F7C8-47BE-8662-2AEB465FA8DF}.Debug|Any CPU.Build.0 = Debug|Any CPU
		{0E23FE5F-F7C8-47BE-8662-2AEB465FA8DF}.Debug|x64.ActiveCfg = Debug|Any CPU
		{0E23FE5F-F7C8-47BE-8662-2AEB465FA8DF}.Debug|x64.Build.0 = Debug|Any CPU
		{0E23FE5F-F7C8-47BE-8662-2AEB465FA8DF}.Debug|x86.ActiveCfg = Debug|Any CPU
		{0E23FE5F-F7C8-47BE-8662-2AEB465FA8DF}.Debug|x86.Build.0 = Debug|Any CPU
		{0E23FE5F-F7C8-47BE-8662-2AEB465FA8DF}.Release|Any CPU.ActiveCfg = Release|Any CPU
		{0E23FE5F-F7C8-47BE-8662-2AEB465FA8DF}.Release|Any CPU.Build.0 = Release|Any CPU
		{0E23FE5F-F7C8-47BE-8662-2AEB465FA8DF}.Release|x64.ActiveCfg = Release|Any CPU
		{0E23FE5F-F7C8-47BE-8662-2AEB465FA8DF}.Release|x64.Build.0 = Release|Any CPU
		{0E23FE5F-F7C8-47BE-8662-2AEB465FA8DF}.Release|x86.ActiveCfg = Release|Any CPU
		{0E23FE5F-F7C8-47BE-8662-2AEB465FA8DF}.Release|x86.Build.0 = Release|Any CPU
		{F014C3B1-AF18-42F9-B51F-548C1FA455C6}.Debug|Any CPU.ActiveCfg = Debug|Any CPU
		{F014C3B1-AF18-42F9-B51F-548C1FA455C6}.Debug|Any CPU.Build.0 = Debug|Any CPU
		{F014C3B1-AF18-42F9-B51F-548C1FA455C6}.Debug|x64.ActiveCfg = Debug|Any CPU
		{F014C3B1-AF18-42F9-B51F-548C1FA455C6}.Debug|x64.Build.0 = Debug|Any CPU
		{F014C3B1-AF18-42F9-B51F-548C1FA455C6}.Debug|x86.ActiveCfg = Debug|Any CPU
		{F014C3B1-AF18-42F9-B51F-548C1FA455C6}.Debug|x86.Build.0 = Debug|Any CPU
		{F014C3B1-AF18-42F9-B51F-548C1FA455C6}.Release|Any CPU.ActiveCfg = Release|Any CPU
		{F014C3B1-AF18-42F9-B51F-548C1FA455C6}.Release|Any CPU.Build.0 = Release|Any CPU
		{F014C3B1-AF18-42F9-B51F-548C1FA455C6}.Release|x64.ActiveCfg = Release|Any CPU
		{F014C3B1-AF18-42F9-B51F-548C1FA455C6}.Release|x64.Build.0 = Release|Any CPU
		{F014C3B1-AF18-42F9-B51F-548C1FA455C6}.Release|x86.ActiveCfg = Release|Any CPU
		{F014C3B1-AF18-42F9-B51F-548C1FA455C6}.Release|x86.Build.0 = Release|Any CPU
		{E136F706-286C-4C38-BED6-D08D8097FF6B}.Debug|Any CPU.ActiveCfg = Debug|Any CPU
		{E136F706-286C-4C38-BED6-D08D8097FF6B}.Debug|Any CPU.Build.0 = Debug|Any CPU
		{E136F706-286C-4C38-BED6-D08D8097FF6B}.Debug|x64.ActiveCfg = Debug|Any CPU
		{E136F706-286C-4C38-BED6-D08D8097FF6B}.Debug|x64.Build.0 = Debug|Any CPU
		{E136F706-286C-4C38-BED6-D08D8097FF6B}.Debug|x86.ActiveCfg = Debug|Any CPU
		{E136F706-286C-4C38-BED6-D08D8097FF6B}.Debug|x86.Build.0 = Debug|Any CPU
		{E136F706-286C-4C38-BED6-D08D8097FF6B}.Release|Any CPU.ActiveCfg = Release|Any CPU
		{E136F706-286C-4C38-BED6-D08D8097FF6B}.Release|Any CPU.Build.0 = Release|Any CPU
		{E136F706-286C-4C38-BED6-D08D8097FF6B}.Release|x64.ActiveCfg = Release|Any CPU
		{E136F706-286C-4C38-BED6-D08D8097FF6B}.Release|x64.Build.0 = Release|Any CPU
		{E136F706-286C-4C38-BED6-D08D8097FF6B}.Release|x86.ActiveCfg = Release|Any CPU
		{E136F706-286C-4C38-BED6-D08D8097FF6B}.Release|x86.Build.0 = Release|Any CPU
		{7DA59085-C7EC-4F87-B972-7CE13A497C4D}.Debug|Any CPU.ActiveCfg = Debug|Any CPU
		{7DA59085-C7EC-4F87-B972-7CE13A497C4D}.Debug|Any CPU.Build.0 = Debug|Any CPU
		{7DA59085-C7EC-4F87-B972-7CE13A497C4D}.Debug|x64.ActiveCfg = Debug|Any CPU
		{7DA59085-C7EC-4F87-B972-7CE13A497C4D}.Debug|x64.Build.0 = Debug|Any CPU
		{7DA59085-C7EC-4F87-B972-7CE13A497C4D}.Debug|x86.ActiveCfg = Debug|Any CPU
		{7DA59085-C7EC-4F87-B972-7CE13A497C4D}.Debug|x86.Build.0 = Debug|Any CPU
		{7DA59085-C7EC-4F87-B972-7CE13A497C4D}.Release|Any CPU.ActiveCfg = Release|Any CPU
		{7DA59085-C7EC-4F87-B972-7CE13A497C4D}.Release|Any CPU.Build.0 = Release|Any CPU
		{7DA59085-C7EC-4F87-B972-7CE13A497C4D}.Release|x64.ActiveCfg = Release|Any CPU
		{7DA59085-C7EC-4F87-B972-7CE13A497C4D}.Release|x64.Build.0 = Release|Any CPU
		{7DA59085-C7EC-4F87-B972-7CE13A497C4D}.Release|x86.ActiveCfg = Release|Any CPU
		{7DA59085-C7EC-4F87-B972-7CE13A497C4D}.Release|x86.Build.0 = Release|Any CPU
	EndGlobalSection
	GlobalSection(SolutionProperties) = preSolution
		HideSolutionNode = FALSE
	EndGlobalSection
	GlobalSection(NestedProjects) = preSolution
		{C8E42992-5E42-0C2B-DBFE-AA848D06431C} = {827E0CD3-B72D-47B6-A68D-7590B98EB39B}
		{481B0290-7675-45D3-8B63-D3915917B09A} = {C8E42992-5E42-0C2B-DBFE-AA848D06431C}
		{A7C45592-7BB3-4A1D-88AD-C578030CC896} = {C8E42992-5E42-0C2B-DBFE-AA848D06431C}
		{EC447DCF-ABFA-6E24-52A5-D7FD48A5C558} = {827E0CD3-B72D-47B6-A68D-7590B98EB39B}
		{1E1EF545-4C18-AEE2-B997-7EF431518D3F} = {EC447DCF-ABFA-6E24-52A5-D7FD48A5C558}
		{77D05749-C6A5-4EC6-B6E9-29BA20B41571} = {1E1EF545-4C18-AEE2-B997-7EF431518D3F}
		{3B97B5B1-E6DB-495D-9998-73DB7BAF4BAD} = {1E1EF545-4C18-AEE2-B997-7EF431518D3F}
		{F0C291A8-F2C1-4201-AC68-2D8BAE053A62} = {1E1EF545-4C18-AEE2-B997-7EF431518D3F}
		{BD37ADE1-014F-4230-9D92-DAD6E6E22BDF} = {1E1EF545-4C18-AEE2-B997-7EF431518D3F}
		{81034408-37C8-1011-444E-4C15C2FADA8E} = {827E0CD3-B72D-47B6-A68D-7590B98EB39B}
		{29D90F40-A489-4771-8E73-1D704D817DB5} = {81034408-37C8-1011-444E-4C15C2FADA8E}
		{AC5FB52F-4048-1956-CB32-459085580A89} = {EC447DCF-ABFA-6E24-52A5-D7FD48A5C558}
		{FAA69AF4-1824-4F7F-A8F7-02F613B9B380} = {AC5FB52F-4048-1956-CB32-459085580A89}
		{34E1EBF8-F7DE-44DD-B4B0-743937B794F6} = {AC5FB52F-4048-1956-CB32-459085580A89}
		{547678E2-37D6-4D8F-8E5B-359D5EF74E49} = {AC5FB52F-4048-1956-CB32-459085580A89}
		{BF315BCC-81E4-4539-8421-FA5A7B1EB099} = {AC5FB52F-4048-1956-CB32-459085580A89}
		{B7B99EEE-6C1F-7CA5-EFDC-77671321BE5F} = {EC447DCF-ABFA-6E24-52A5-D7FD48A5C558}
		{0E23FE5F-F7C8-47BE-8662-2AEB465FA8DF} = {B7B99EEE-6C1F-7CA5-EFDC-77671321BE5F}
		{F014C3B1-AF18-42F9-B51F-548C1FA455C6} = {B7B99EEE-6C1F-7CA5-EFDC-77671321BE5F}
		{E136F706-286C-4C38-BED6-D08D8097FF6B} = {B7B99EEE-6C1F-7CA5-EFDC-77671321BE5F}
		{7DA59085-C7EC-4F87-B972-7CE13A497C4D} = {B7B99EEE-6C1F-7CA5-EFDC-77671321BE5F}
	EndGlobalSection
EndGlobal
